// !$*UTF8*$!
{
	archiveVersion = 1;
	classes = {
	};
	objectVersion = 55;
	objects = {

/* Begin PBXBuildFile section */
		8C50CA502D47B34A00EBF3D8 /* OturumAcController.swift in Sources */ = {isa = PBXBuildFile; fileRef = 8C50CA4F2D47B34A00EBF3D8 /* OturumAcController.swift */; };
		8C50CA532D48C87A00EBF3D8 /* FotografSeciciController.swift in Sources */ = {isa = PBXBuildFile; fileRef = 8C50CA522D48C87A00EBF3D8 /* FotografSeciciController.swift */; };
		8C50CA552D48DD8900EBF3D8 /* KullaniciProfilCell.swift in Sources */ = {isa = PBXBuildFile; fileRef = 8C50CA542D48DD8900EBF3D8 /* KullaniciProfilCell.swift */; };
		8C50CCE72D4B89F2001A3B77 /* AnaController.swift in Sources */ = {isa = PBXBuildFile; fileRef = 8C50CCE62D4B89F2001A3B77 /* AnaController.swift */; };
		8C50CCE92D4B976A001A3B77 /* AnaPaylasimCell.swift in Sources */ = {isa = PBXBuildFile; fileRef = 8C50CCE82D4B976A001A3B77 /* AnaPaylasimCell.swift */; };
		8C50CCEC2D4CDA19001A3B77 /* KullaniciAraController.swift in Sources */ = {isa = PBXBuildFile; fileRef = 8C50CCEB2D4CDA19001A3B77 /* KullaniciAraController.swift */; };
		8C50CCEE2D4D0BAD001A3B77 /* KullaniciAraCell.swift in Sources */ = {isa = PBXBuildFile; fileRef = 8C50CCED2D4D0BAD001A3B77 /* KullaniciAraCell.swift */; };
		8C50CCF02D4F7E91001A3B77 /* TakipIslemleri.swift in Sources */ = {isa = PBXBuildFile; fileRef = 8C50CCEF2D4F7E91001A3B77 /* TakipIslemleri.swift */; };
		8C55040F2D4772DD0082D644 /* AppDelegate.swift in Sources */ = {isa = PBXBuildFile; fileRef = 8C55040E2D4772DD0082D644 /* AppDelegate.swift */; };
		8C5504112D4772DD0082D644 /* SceneDelegate.swift in Sources */ = {isa = PBXBuildFile; fileRef = 8C5504102D4772DD0082D644 /* SceneDelegate.swift */; };
		8C5504132D4772DD0082D644 /* KayitOlController.swift in Sources */ = {isa = PBXBuildFile; fileRef = 8C5504122D4772DD0082D644 /* KayitOlController.swift */; };
		8C5504162D4772DD0082D644 /* Main.storyboard in Resources */ = {isa = PBXBuildFile; fileRef = 8C5504142D4772DD0082D644 /* Main.storyboard */; };
		8C5504182D4772DF0082D644 /* Assets.xcassets in Resources */ = {isa = PBXBuildFile; fileRef = 8C5504172D4772DF0082D644 /* Assets.xcassets */; };
		8C55041B2D4772DF0082D644 /* LaunchScreen.storyboard in Resources */ = {isa = PBXBuildFile; fileRef = 8C5504192D4772DF0082D644 /* LaunchScreen.storyboard */; };
		8C5504262D4772DF0082D644 /* testTests.swift in Sources */ = {isa = PBXBuildFile; fileRef = 8C5504252D4772DF0082D644 /* testTests.swift */; };
		8C5504302D4772E00082D644 /* testUITests.swift in Sources */ = {isa = PBXBuildFile; fileRef = 8C55042F2D4772E00082D644 /* testUITests.swift */; };
		8C5504322D4772E00082D644 /* testUITestsLaunchTests.swift in Sources */ = {isa = PBXBuildFile; fileRef = 8C5504312D4772E00082D644 /* testUITestsLaunchTests.swift */; };
		8C5504402D4774150082D644 /* KullaniciProfilView.swift in Sources */ = {isa = PBXBuildFile; fileRef = 8C55043F2D4774150082D644 /* KullaniciProfilView.swift */; };
		8C5504422D4774D40082D644 /* Validation.swift in Sources */ = {isa = PBXBuildFile; fileRef = 8C5504412D4774D40082D644 /* Validation.swift */; };
		8C5504442D47753D0082D644 /* AnaTabBarController.swift in Sources */ = {isa = PBXBuildFile; fileRef = 8C5504432D47753D0082D644 /* AnaTabBarController.swift */; };
		8C5504472D47756D0082D644 /* Model.swift in Sources */ = {isa = PBXBuildFile; fileRef = 8C5504462D47756D0082D644 /* Model.swift */; };
		8C55044B2D47763E0082D644 /* ApiService.swift in Sources */ = {isa = PBXBuildFile; fileRef = 8C55044A2D47763E0082D644 /* ApiService.swift */; };
		8C55044D2D47766F0082D644 /* UIColor.swift in Sources */ = {isa = PBXBuildFile; fileRef = 8C55044C2D47766F0082D644 /* UIColor.swift */; };
		8C6886382D49581F000CCFC1 /* KullaniciView.swift in Sources */ = {isa = PBXBuildFile; fileRef = 8C6886372D49581F000CCFC1 /* KullaniciView.swift */; };
		8C68863A2D49582E000CCFC1 /* KullaniciViewCell.swift in Sources */ = {isa = PBXBuildFile; fileRef = 8C6886392D49582E000CCFC1 /* KullaniciViewCell.swift */; };
		8C68863C2D4982AC000CCFC1 /* FotografSeciciCell.swift in Sources */ = {isa = PBXBuildFile; fileRef = 8C68863B2D4982AC000CCFC1 /* FotografSeciciCell.swift */; };
		8C68863E2D49FDB5000CCFC1 /* FotografSeciciHeader.swift in Sources */ = {isa = PBXBuildFile; fileRef = 8C68863D2D49FDB5000CCFC1 /* FotografSeciciHeader.swift */; };
		8C6886402D4A10D6000CCFC1 /* FotografPaylasController.swift in Sources */ = {isa = PBXBuildFile; fileRef = 8C68863F2D4A10D6000CCFC1 /* FotografPaylasController.swift */; };
/* End PBXBuildFile section */

/* Begin PBXContainerItemProxy section */
		8C5504222D4772DF0082D644 /* PBXContainerItemProxy */ = {
			isa = PBXContainerItemProxy;
			containerPortal = 8C5504032D4772DD0082D644 /* Project object */;
			proxyType = 1;
			remoteGlobalIDString = 8C55040A2D4772DD0082D644;
			remoteInfo = test;
		};
		8C55042C2D4772E00082D644 /* PBXContainerItemProxy */ = {
			isa = PBXContainerItemProxy;
			containerPortal = 8C5504032D4772DD0082D644 /* Project object */;
			proxyType = 1;
			remoteGlobalIDString = 8C55040A2D4772DD0082D644;
			remoteInfo = test;
		};
/* End PBXContainerItemProxy section */

/* Begin PBXFileReference section */
		8C50CA4F2D47B34A00EBF3D8 /* OturumAcController.swift */ = {isa = PBXFileReference; lastKnownFileType = sourcecode.swift; path = OturumAcController.swift; sourceTree = "<group>"; };
		8C50CA522D48C87A00EBF3D8 /* FotografSeciciController.swift */ = {isa = PBXFileReference; lastKnownFileType = sourcecode.swift; path = FotografSeciciController.swift; sourceTree = "<group>"; };
		8C50CA542D48DD8900EBF3D8 /* KullaniciProfilCell.swift */ = {isa = PBXFileReference; lastKnownFileType = sourcecode.swift; path = KullaniciProfilCell.swift; sourceTree = "<group>"; };
		8C50CCE62D4B89F2001A3B77 /* AnaController.swift */ = {isa = PBXFileReference; lastKnownFileType = sourcecode.swift; path = AnaController.swift; sourceTree = "<group>"; };
		8C50CCE82D4B976A001A3B77 /* AnaPaylasimCell.swift */ = {isa = PBXFileReference; lastKnownFileType = sourcecode.swift; path = AnaPaylasimCell.swift; sourceTree = "<group>"; };
		8C50CCEB2D4CDA19001A3B77 /* KullaniciAraController.swift */ = {isa = PBXFileReference; lastKnownFileType = sourcecode.swift; path = KullaniciAraController.swift; sourceTree = "<group>"; };
		8C50CCED2D4D0BAD001A3B77 /* KullaniciAraCell.swift */ = {isa = PBXFileReference; lastKnownFileType = sourcecode.swift; path = KullaniciAraCell.swift; sourceTree = "<group>"; };
		8C50CCEF2D4F7E91001A3B77 /* TakipIslemleri.swift */ = {isa = PBXFileReference; lastKnownFileType = sourcecode.swift; path = TakipIslemleri.swift; sourceTree = "<group>"; };
		8C55040B2D4772DD0082D644 /* test.app */ = {isa = PBXFileReference; explicitFileType = wrapper.application; includeInIndex = 0; path = test.app; sourceTree = BUILT_PRODUCTS_DIR; };
		8C55040E2D4772DD0082D644 /* AppDelegate.swift */ = {isa = PBXFileReference; lastKnownFileType = sourcecode.swift; path = AppDelegate.swift; sourceTree = "<group>"; };
		8C5504102D4772DD0082D644 /* SceneDelegate.swift */ = {isa = PBXFileReference; lastKnownFileType = sourcecode.swift; path = SceneDelegate.swift; sourceTree = "<group>"; };
		8C5504122D4772DD0082D644 /* KayitOlController.swift */ = {isa = PBXFileReference; lastKnownFileType = sourcecode.swift; path = KayitOlController.swift; sourceTree = "<group>"; };
		8C5504152D4772DD0082D644 /* Base */ = {isa = PBXFileReference; lastKnownFileType = file.storyboard; name = Base; path = Base.lproj/Main.storyboard; sourceTree = "<group>"; };
		8C5504172D4772DF0082D644 /* Assets.xcassets */ = {isa = PBXFileReference; lastKnownFileType = folder.assetcatalog; path = Assets.xcassets; sourceTree = "<group>"; };
		8C55041A2D4772DF0082D644 /* Base */ = {isa = PBXFileReference; lastKnownFileType = file.storyboard; name = Base; path = Base.lproj/LaunchScreen.storyboard; sourceTree = "<group>"; };
		8C55041C2D4772DF0082D644 /* Info.plist */ = {isa = PBXFileReference; lastKnownFileType = text.plist.xml; path = Info.plist; sourceTree = "<group>"; };
		8C5504212D4772DF0082D644 /* testTests.xctest */ = {isa = PBXFileReference; explicitFileType = wrapper.cfbundle; includeInIndex = 0; path = testTests.xctest; sourceTree = BUILT_PRODUCTS_DIR; };
		8C5504252D4772DF0082D644 /* testTests.swift */ = {isa = PBXFileReference; lastKnownFileType = sourcecode.swift; path = testTests.swift; sourceTree = "<group>"; };
		8C55042B2D4772E00082D644 /* testUITests.xctest */ = {isa = PBXFileReference; explicitFileType = wrapper.cfbundle; includeInIndex = 0; path = testUITests.xctest; sourceTree = BUILT_PRODUCTS_DIR; };
		8C55042F2D4772E00082D644 /* testUITests.swift */ = {isa = PBXFileReference; lastKnownFileType = sourcecode.swift; path = testUITests.swift; sourceTree = "<group>"; };
		8C5504312D4772E00082D644 /* testUITestsLaunchTests.swift */ = {isa = PBXFileReference; lastKnownFileType = sourcecode.swift; path = testUITestsLaunchTests.swift; sourceTree = "<group>"; };
		8C55043F2D4774150082D644 /* KullaniciProfilView.swift */ = {isa = PBXFileReference; lastKnownFileType = sourcecode.swift; path = KullaniciProfilView.swift; sourceTree = "<group>"; };
		8C5504412D4774D40082D644 /* Validation.swift */ = {isa = PBXFileReference; lastKnownFileType = sourcecode.swift; path = Validation.swift; sourceTree = "<group>"; };
		8C5504432D47753D0082D644 /* AnaTabBarController.swift */ = {isa = PBXFileReference; lastKnownFileType = sourcecode.swift; path = AnaTabBarController.swift; sourceTree = "<group>"; };
		8C5504462D47756D0082D644 /* Model.swift */ = {isa = PBXFileReference; lastKnownFileType = sourcecode.swift; path = Model.swift; sourceTree = "<group>"; };
		8C55044A2D47763E0082D644 /* ApiService.swift */ = {isa = PBXFileReference; lastKnownFileType = sourcecode.swift; path = ApiService.swift; sourceTree = "<group>"; };
		8C55044C2D47766F0082D644 /* UIColor.swift */ = {isa = PBXFileReference; lastKnownFileType = sourcecode.swift; path = UIColor.swift; sourceTree = "<group>"; };
		8C6886372D49581F000CCFC1 /* KullaniciView.swift */ = {isa = PBXFileReference; lastKnownFileType = sourcecode.swift; path = KullaniciView.swift; sourceTree = "<group>"; };
		8C6886392D49582E000CCFC1 /* KullaniciViewCell.swift */ = {isa = PBXFileReference; lastKnownFileType = sourcecode.swift; path = KullaniciViewCell.swift; sourceTree = "<group>"; };
		8C68863B2D4982AC000CCFC1 /* FotografSeciciCell.swift */ = {isa = PBXFileReference; lastKnownFileType = sourcecode.swift; path = FotografSeciciCell.swift; sourceTree = "<group>"; };
		8C68863D2D49FDB5000CCFC1 /* FotografSeciciHeader.swift */ = {isa = PBXFileReference; lastKnownFileType = sourcecode.swift; path = FotografSeciciHeader.swift; sourceTree = "<group>"; };
		8C68863F2D4A10D6000CCFC1 /* FotografPaylasController.swift */ = {isa = PBXFileReference; lastKnownFileType = sourcecode.swift; path = FotografPaylasController.swift; sourceTree = "<group>"; };
/* End PBXFileReference section */

/* Begin PBXFrameworksBuildPhase section */
		8C5504082D4772DD0082D644 /* Frameworks */ = {
			isa = PBXFrameworksBuildPhase;
			buildActionMask = 2147483647;
			files = (
			);
			runOnlyForDeploymentPostprocessing = 0;
		};
		8C55041E2D4772DF0082D644 /* Frameworks */ = {
			isa = PBXFrameworksBuildPhase;
			buildActionMask = 2147483647;
			files = (
			);
			runOnlyForDeploymentPostprocessing = 0;
		};
		8C5504282D4772E00082D644 /* Frameworks */ = {
			isa = PBXFrameworksBuildPhase;
			buildActionMask = 2147483647;
			files = (
			);
			runOnlyForDeploymentPostprocessing = 0;
		};
/* End PBXFrameworksBuildPhase section */

/* Begin PBXGroup section */
		8C50CA4E2D47B32A00EBF3D8 /* OturumAc */ = {
			isa = PBXGroup;
			children = (
				8C50CA4F2D47B34A00EBF3D8 /* OturumAcController.swift */,
			);
			path = OturumAc;
			sourceTree = "<group>";
		};
		8C50CA512D48C86300EBF3D8 /* FotografEkle */ = {
			isa = PBXGroup;
			children = (
				8C50CA522D48C87A00EBF3D8 /* FotografSeciciController.swift */,
				8C68863B2D4982AC000CCFC1 /* FotografSeciciCell.swift */,
				8C68863D2D49FDB5000CCFC1 /* FotografSeciciHeader.swift */,
				8C68863F2D4A10D6000CCFC1 /* FotografPaylasController.swift */,
			);
			path = FotografEkle;
			sourceTree = "<group>";
		};
		8C50CCE52D4B89DA001A3B77 /* AnaGorunum */ = {
			isa = PBXGroup;
			children = (
				8C50CCE62D4B89F2001A3B77 /* AnaController.swift */,
				8C50CCE82D4B976A001A3B77 /* AnaPaylasimCell.swift */,
			);
			path = AnaGorunum;
			sourceTree = "<group>";
		};
		8C50CCEA2D4CDA0A001A3B77 /* Ara */ = {
			isa = PBXGroup;
			children = (
				8C50CCEB2D4CDA19001A3B77 /* KullaniciAraController.swift */,
				8C50CCED2D4D0BAD001A3B77 /* KullaniciAraCell.swift */,
			);
			path = Ara;
			sourceTree = "<group>";
		};
		8C5504022D4772DD0082D644 = {
			isa = PBXGroup;
			children = (
				8C55040D2D4772DD0082D644 /* test */,
				8C5504242D4772DF0082D644 /* testTests */,
				8C55042E2D4772E00082D644 /* testUITests */,
				8C55040C2D4772DD0082D644 /* Products */,
			);
			sourceTree = "<group>";
		};
		8C55040C2D4772DD0082D644 /* Products */ = {
			isa = PBXGroup;
			children = (
				8C55040B2D4772DD0082D644 /* test.app */,
				8C5504212D4772DF0082D644 /* testTests.xctest */,
				8C55042B2D4772E00082D644 /* testUITests.xctest */,
			);
			name = Products;
			sourceTree = "<group>";
		};
		8C55040D2D4772DD0082D644 /* test */ = {
			isa = PBXGroup;
			children = (
				8C50CCEA2D4CDA0A001A3B77 /* Ara */,
				8C50CCE52D4B89DA001A3B77 /* AnaGorunum */,
				8C6886362D4957FB000CCFC1 /* Kullanici */,
				8C50CA512D48C86300EBF3D8 /* FotografEkle */,
				8C50CA4E2D47B32A00EBF3D8 /* OturumAc */,
				8C5504492D4776030082D644 /* FaydaliDosyalar */,
				8C5504482D4775FC0082D644 /* API */,
				8C5504452D47755A0082D644 /* Model */,
				8C5504432D47753D0082D644 /* AnaTabBarController.swift */,
				8C55043E2D4773F20082D644 /* KullaniciProfil */,
				8C55040E2D4772DD0082D644 /* AppDelegate.swift */,
				8C5504102D4772DD0082D644 /* SceneDelegate.swift */,
				8C5504122D4772DD0082D644 /* KayitOlController.swift */,
				8C5504142D4772DD0082D644 /* Main.storyboard */,
				8C5504172D4772DF0082D644 /* Assets.xcassets */,
				8C5504192D4772DF0082D644 /* LaunchScreen.storyboard */,
				8C55041C2D4772DF0082D644 /* Info.plist */,
				8C5504412D4774D40082D644 /* Validation.swift */,
			);
			path = test;
			sourceTree = "<group>";
		};
		8C5504242D4772DF0082D644 /* testTests */ = {
			isa = PBXGroup;
			children = (
				8C5504252D4772DF0082D644 /* testTests.swift */,
			);
			path = testTests;
			sourceTree = "<group>";
		};
		8C55042E2D4772E00082D644 /* testUITests */ = {
			isa = PBXGroup;
			children = (
				8C55042F2D4772E00082D644 /* testUITests.swift */,
				8C5504312D4772E00082D644 /* testUITestsLaunchTests.swift */,
			);
			path = testUITests;
			sourceTree = "<group>";
		};
		8C55043E2D4773F20082D644 /* KullaniciProfil */ = {
			isa = PBXGroup;
			children = (
				8C55043F2D4774150082D644 /* KullaniciProfilView.swift */,
				8C50CA542D48DD8900EBF3D8 /* KullaniciProfilCell.swift */,
			);
			path = KullaniciProfil;
			sourceTree = "<group>";
		};
		8C5504452D47755A0082D644 /* Model */ = {
			isa = PBXGroup;
			children = (
				8C5504462D47756D0082D644 /* Model.swift */,
			);
			path = Model;
			sourceTree = "<group>";
		};
		8C5504482D4775FC0082D644 /* API */ = {
			isa = PBXGroup;
			children = (
				8C55044A2D47763E0082D644 /* ApiService.swift */,
				8C50CCEF2D4F7E91001A3B77 /* TakipIslemleri.swift */,
			);
			path = API;
			sourceTree = "<group>";
		};
		8C5504492D4776030082D644 /* FaydaliDosyalar */ = {
			isa = PBXGroup;
			children = (
				8C55044C2D47766F0082D644 /* UIColor.swift */,
			);
			path = FaydaliDosyalar;
			sourceTree = "<group>";
		};
		8C6886362D4957FB000CCFC1 /* Kullanici */ = {
			isa = PBXGroup;
			children = (
				8C6886392D49582E000CCFC1 /* KullaniciViewCell.swift */,
				8C6886372D49581F000CCFC1 /* KullaniciView.swift */,
			);
			path = Kullanici;
			sourceTree = "<group>";
		};
/* End PBXGroup section */

/* Begin PBXNativeTarget section */
		8C55040A2D4772DD0082D644 /* test */ = {
			isa = PBXNativeTarget;
			buildConfigurationList = 8C5504352D4772E00082D644 /* Build configuration list for PBXNativeTarget "test" */;
			buildPhases = (
				8C5504072D4772DD0082D644 /* Sources */,
				8C5504082D4772DD0082D644 /* Frameworks */,
				8C5504092D4772DD0082D644 /* Resources */,
			);
			buildRules = (
			);
			dependencies = (
			);
			name = test;
			productName = test;
			productReference = 8C55040B2D4772DD0082D644 /* test.app */;
			productType = "com.apple.product-type.application";
		};
		8C5504202D4772DF0082D644 /* testTests */ = {
			isa = PBXNativeTarget;
			buildConfigurationList = 8C5504382D4772E00082D644 /* Build configuration list for PBXNativeTarget "testTests" */;
			buildPhases = (
				8C55041D2D4772DF0082D644 /* Sources */,
				8C55041E2D4772DF0082D644 /* Frameworks */,
				8C55041F2D4772DF0082D644 /* Resources */,
			);
			buildRules = (
			);
			dependencies = (
				8C5504232D4772DF0082D644 /* PBXTargetDependency */,
			);
			name = testTests;
			productName = testTests;
			productReference = 8C5504212D4772DF0082D644 /* testTests.xctest */;
			productType = "com.apple.product-type.bundle.unit-test";
		};
		8C55042A2D4772E00082D644 /* testUITests */ = {
			isa = PBXNativeTarget;
			buildConfigurationList = 8C55043B2D4772E00082D644 /* Build configuration list for PBXNativeTarget "testUITests" */;
			buildPhases = (
				8C5504272D4772E00082D644 /* Sources */,
				8C5504282D4772E00082D644 /* Frameworks */,
				8C5504292D4772E00082D644 /* Resources */,
			);
			buildRules = (
			);
			dependencies = (
				8C55042D2D4772E00082D644 /* PBXTargetDependency */,
			);
			name = testUITests;
			productName = testUITests;
			productReference = 8C55042B2D4772E00082D644 /* testUITests.xctest */;
			productType = "com.apple.product-type.bundle.ui-testing";
		};
/* End PBXNativeTarget section */

/* Begin PBXProject section */
		8C5504032D4772DD0082D644 /* Project object */ = {
			isa = PBXProject;
			attributes = {
				BuildIndependentTargetsInParallel = 1;
				LastSwiftUpdateCheck = 1300;
				LastUpgradeCheck = 1300;
				TargetAttributes = {
					8C55040A2D4772DD0082D644 = {
						CreatedOnToolsVersion = 13.0;
					};
					8C5504202D4772DF0082D644 = {
						CreatedOnToolsVersion = 13.0;
						TestTargetID = 8C55040A2D4772DD0082D644;
					};
					8C55042A2D4772E00082D644 = {
						CreatedOnToolsVersion = 13.0;
						TestTargetID = 8C55040A2D4772DD0082D644;
					};
				};
			};
			buildConfigurationList = 8C5504062D4772DD0082D644 /* Build configuration list for PBXProject "test" */;
			compatibilityVersion = "Xcode 13.0";
			developmentRegion = en;
			hasScannedForEncodings = 0;
			knownRegions = (
				en,
				Base,
			);
			mainGroup = 8C5504022D4772DD0082D644;
			productRefGroup = 8C55040C2D4772DD0082D644 /* Products */;
			projectDirPath = "";
			projectRoot = "";
			targets = (
				8C55040A2D4772DD0082D644 /* test */,
				8C5504202D4772DF0082D644 /* testTests */,
				8C55042A2D4772E00082D644 /* testUITests */,
			);
		};
/* End PBXProject section */

/* Begin PBXResourcesBuildPhase section */
		8C5504092D4772DD0082D644 /* Resources */ = {
			isa = PBXResourcesBuildPhase;
			buildActionMask = 2147483647;
			files = (
				8C55041B2D4772DF0082D644 /* LaunchScreen.storyboard in Resources */,
				8C5504182D4772DF0082D644 /* Assets.xcassets in Resources */,
				8C5504162D4772DD0082D644 /* Main.storyboard in Resources */,
			);
			runOnlyForDeploymentPostprocessing = 0;
		};
		8C55041F2D4772DF0082D644 /* Resources */ = {
			isa = PBXResourcesBuildPhase;
			buildActionMask = 2147483647;
			files = (
			);
			runOnlyForDeploymentPostprocessing = 0;
		};
		8C5504292D4772E00082D644 /* Resources */ = {
			isa = PBXResourcesBuildPhase;
			buildActionMask = 2147483647;
			files = (
			);
			runOnlyForDeploymentPostprocessing = 0;
		};
/* End PBXResourcesBuildPhase section */

/* Begin PBXSourcesBuildPhase section */
		8C5504072D4772DD0082D644 /* Sources */ = {
			isa = PBXSourcesBuildPhase;
			buildActionMask = 2147483647;
			files = (
				8C50CA552D48DD8900EBF3D8 /* KullaniciProfilCell.swift in Sources */,
				8C6886402D4A10D6000CCFC1 /* FotografPaylasController.swift in Sources */,
				8C5504472D47756D0082D644 /* Model.swift in Sources */,
				8C68863C2D4982AC000CCFC1 /* FotografSeciciCell.swift in Sources */,
				8C5504132D4772DD0082D644 /* KayitOlController.swift in Sources */,
				8C55040F2D4772DD0082D644 /* AppDelegate.swift in Sources */,
				8C50CA532D48C87A00EBF3D8 /* FotografSeciciController.swift in Sources */,
				8C68863E2D49FDB5000CCFC1 /* FotografSeciciHeader.swift in Sources */,
				8C50CCF02D4F7E91001A3B77 /* TakipIslemleri.swift in Sources */,
				8C5504112D4772DD0082D644 /* SceneDelegate.swift in Sources */,
				8C55044D2D47766F0082D644 /* UIColor.swift in Sources */,
				8C50CCE72D4B89F2001A3B77 /* AnaController.swift in Sources */,
				8C68863A2D49582E000CCFC1 /* KullaniciViewCell.swift in Sources */,
				8C50CCEE2D4D0BAD001A3B77 /* KullaniciAraCell.swift in Sources */,
				8C5504422D4774D40082D644 /* Validation.swift in Sources */,
				8C5504442D47753D0082D644 /* AnaTabBarController.swift in Sources */,
				8C50CA502D47B34A00EBF3D8 /* OturumAcController.swift in Sources */,
				8C50CCE92D4B976A001A3B77 /* AnaPaylasimCell.swift in Sources */,
				8C55044B2D47763E0082D644 /* ApiService.swift in Sources */,
				8C6886382D49581F000CCFC1 /* KullaniciView.swift in Sources */,
				8C5504402D4774150082D644 /* KullaniciProfilView.swift in Sources */,
				8C50CCEC2D4CDA19001A3B77 /* KullaniciAraController.swift in Sources */,
			);
			runOnlyForDeploymentPostprocessing = 0;
		};
		8C55041D2D4772DF0082D644 /* Sources */ = {
			isa = PBXSourcesBuildPhase;
			buildActionMask = 2147483647;
			files = (
				8C5504262D4772DF0082D644 /* testTests.swift in Sources */,
			);
			runOnlyForDeploymentPostprocessing = 0;
		};
		8C5504272D4772E00082D644 /* Sources */ = {
			isa = PBXSourcesBuildPhase;
			buildActionMask = 2147483647;
			files = (
				8C5504322D4772E00082D644 /* testUITestsLaunchTests.swift in Sources */,
				8C5504302D4772E00082D644 /* testUITests.swift in Sources */,
			);
			runOnlyForDeploymentPostprocessing = 0;
		};
/* End PBXSourcesBuildPhase section */

/* Begin PBXTargetDependency section */
		8C5504232D4772DF0082D644 /* PBXTargetDependency */ = {
			isa = PBXTargetDependency;
			target = 8C55040A2D4772DD0082D644 /* test */;
			targetProxy = 8C5504222D4772DF0082D644 /* PBXContainerItemProxy */;
		};
		8C55042D2D4772E00082D644 /* PBXTargetDependency */ = {
			isa = PBXTargetDependency;
			target = 8C55040A2D4772DD0082D644 /* test */;
			targetProxy = 8C55042C2D4772E00082D644 /* PBXContainerItemProxy */;
		};
/* End PBXTargetDependency section */

/* Begin PBXVariantGroup section */
		8C5504142D4772DD0082D644 /* Main.storyboard */ = {
			isa = PBXVariantGroup;
			children = (
				8C5504152D4772DD0082D644 /* Base */,
			);
			name = Main.storyboard;
			sourceTree = "<group>";
		};
		8C5504192D4772DF0082D644 /* LaunchScreen.storyboard */ = {
			isa = PBXVariantGroup;
			children = (
				8C55041A2D4772DF0082D644 /* Base */,
			);
			name = LaunchScreen.storyboard;
			sourceTree = "<group>";
		};
/* End PBXVariantGroup section */

/* Begin XCBuildConfiguration section */
		8C5504332D4772E00082D644 /* Debug */ = {
			isa = XCBuildConfiguration;
			buildSettings = {
				ALWAYS_SEARCH_USER_PATHS = NO;
				CLANG_ANALYZER_NONNULL = YES;
				CLANG_ANALYZER_NUMBER_OBJECT_CONVERSION = YES_AGGRESSIVE;
				CLANG_CXX_LANGUAGE_STANDARD = "gnu++17";
				CLANG_CXX_LIBRARY = "libc++";
				CLANG_ENABLE_MODULES = YES;
				CLANG_ENABLE_OBJC_ARC = YES;
				CLANG_ENABLE_OBJC_WEAK = YES;
				CLANG_WARN_BLOCK_CAPTURE_AUTORELEASING = YES;
				CLANG_WARN_BOOL_CONVERSION = YES;
				CLANG_WARN_COMMA = YES;
				CLANG_WARN_CONSTANT_CONVERSION = YES;
				CLANG_WARN_DEPRECATED_OBJC_IMPLEMENTATIONS = YES;
				CLANG_WARN_DIRECT_OBJC_ISA_USAGE = YES_ERROR;
				CLANG_WARN_DOCUMENTATION_COMMENTS = YES;
				CLANG_WARN_EMPTY_BODY = YES;
				CLANG_WARN_ENUM_CONVERSION = YES;
				CLANG_WARN_INFINITE_RECURSION = YES;
				CLANG_WARN_INT_CONVERSION = YES;
				CLANG_WARN_NON_LITERAL_NULL_CONVERSION = YES;
				CLANG_WARN_OBJC_IMPLICIT_RETAIN_SELF = YES;
				CLANG_WARN_OBJC_LITERAL_CONVERSION = YES;
				CLANG_WARN_OBJC_ROOT_CLASS = YES_ERROR;
				CLANG_WARN_QUOTED_INCLUDE_IN_FRAMEWORK_HEADER = YES;
				CLANG_WARN_RANGE_LOOP_ANALYSIS = YES;
				CLANG_WARN_STRICT_PROTOTYPES = YES;
				CLANG_WARN_SUSPICIOUS_MOVE = YES;
				CLANG_WARN_UNGUARDED_AVAILABILITY = YES_AGGRESSIVE;
				CLANG_WARN_UNREACHABLE_CODE = YES;
				CLANG_WARN__DUPLICATE_METHOD_MATCH = YES;
				COPY_PHASE_STRIP = NO;
				DEBUG_INFORMATION_FORMAT = dwarf;
				ENABLE_STRICT_OBJC_MSGSEND = YES;
				ENABLE_TESTABILITY = YES;
				GCC_C_LANGUAGE_STANDARD = gnu11;
				GCC_DYNAMIC_NO_PIC = NO;
				GCC_NO_COMMON_BLOCKS = YES;
				GCC_OPTIMIZATION_LEVEL = 0;
				GCC_PREPROCESSOR_DEFINITIONS = (
					"DEBUG=1",
					"$(inherited)",
				);
				GCC_WARN_64_TO_32_BIT_CONVERSION = YES;
				GCC_WARN_ABOUT_RETURN_TYPE = YES_ERROR;
				GCC_WARN_UNDECLARED_SELECTOR = YES;
				GCC_WARN_UNINITIALIZED_AUTOS = YES_AGGRESSIVE;
				GCC_WARN_UNUSED_FUNCTION = YES;
				GCC_WARN_UNUSED_VARIABLE = YES;
				IPHONEOS_DEPLOYMENT_TARGET = 15.0;
				MTL_ENABLE_DEBUG_INFO = INCLUDE_SOURCE;
				MTL_FAST_MATH = YES;
				ONLY_ACTIVE_ARCH = YES;
				SDKROOT = iphoneos;
				SWIFT_ACTIVE_COMPILATION_CONDITIONS = DEBUG;
				SWIFT_OPTIMIZATION_LEVEL = "-Onone";
			};
			name = Debug;
		};
		8C5504342D4772E00082D644 /* Release */ = {
			isa = XCBuildConfiguration;
			buildSettings = {
				ALWAYS_SEARCH_USER_PATHS = NO;
				CLANG_ANALYZER_NONNULL = YES;
				CLANG_ANALYZER_NUMBER_OBJECT_CONVERSION = YES_AGGRESSIVE;
				CLANG_CXX_LANGUAGE_STANDARD = "gnu++17";
				CLANG_CXX_LIBRARY = "libc++";
				CLANG_ENABLE_MODULES = YES;
				CLANG_ENABLE_OBJC_ARC = YES;
				CLANG_ENABLE_OBJC_WEAK = YES;
				CLANG_WARN_BLOCK_CAPTURE_AUTORELEASING = YES;
				CLANG_WARN_BOOL_CONVERSION = YES;
				CLANG_WARN_COMMA = YES;
				CLANG_WARN_CONSTANT_CONVERSION = YES;
				CLANG_WARN_DEPRECATED_OBJC_IMPLEMENTATIONS = YES;
				CLANG_WARN_DIRECT_OBJC_ISA_USAGE = YES_ERROR;
				CLANG_WARN_DOCUMENTATION_COMMENTS = YES;
				CLANG_WARN_EMPTY_BODY = YES;
				CLANG_WARN_ENUM_CONVERSION = YES;
				CLANG_WARN_INFINITE_RECURSION = YES;
				CLANG_WARN_INT_CONVERSION = YES;
				CLANG_WARN_NON_LITERAL_NULL_CONVERSION = YES;
				CLANG_WARN_OBJC_IMPLICIT_RETAIN_SELF = YES;
				CLANG_WARN_OBJC_LITERAL_CONVERSION = YES;
				CLANG_WARN_OBJC_ROOT_CLASS = YES_ERROR;
				CLANG_WARN_QUOTED_INCLUDE_IN_FRAMEWORK_HEADER = YES;
				CLANG_WARN_RANGE_LOOP_ANALYSIS = YES;
				CLANG_WARN_STRICT_PROTOTYPES = YES;
				CLANG_WARN_SUSPICIOUS_MOVE = YES;
				CLANG_WARN_UNGUARDED_AVAILABILITY = YES_AGGRESSIVE;
				CLANG_WARN_UNREACHABLE_CODE = YES;
				CLANG_WARN__DUPLICATE_METHOD_MATCH = YES;
				COPY_PHASE_STRIP = NO;
				DEBUG_INFORMATION_FORMAT = "dwarf-with-dsym";
				ENABLE_NS_ASSERTIONS = NO;
				ENABLE_STRICT_OBJC_MSGSEND = YES;
				GCC_C_LANGUAGE_STANDARD = gnu11;
				GCC_NO_COMMON_BLOCKS = YES;
				GCC_WARN_64_TO_32_BIT_CONVERSION = YES;
				GCC_WARN_ABOUT_RETURN_TYPE = YES_ERROR;
				GCC_WARN_UNDECLARED_SELECTOR = YES;
				GCC_WARN_UNINITIALIZED_AUTOS = YES_AGGRESSIVE;
				GCC_WARN_UNUSED_FUNCTION = YES;
				GCC_WARN_UNUSED_VARIABLE = YES;
				IPHONEOS_DEPLOYMENT_TARGET = 15.0;
				MTL_ENABLE_DEBUG_INFO = NO;
				MTL_FAST_MATH = YES;
				SDKROOT = iphoneos;
				SWIFT_COMPILATION_MODE = wholemodule;
				SWIFT_OPTIMIZATION_LEVEL = "-O";
				VALIDATE_PRODUCT = YES;
			};
			name = Release;
		};
		8C5504362D4772E00082D644 /* Debug */ = {
			isa = XCBuildConfiguration;
			buildSettings = {
				ASSETCATALOG_COMPILER_APPICON_NAME = AppIcon;
				ASSETCATALOG_COMPILER_GLOBAL_ACCENT_COLOR_NAME = AccentColor;
				CODE_SIGN_STYLE = Automatic;
				CURRENT_PROJECT_VERSION = 1;
				GENERATE_INFOPLIST_FILE = YES;
				INFOPLIST_FILE = test/Info.plist;
				INFOPLIST_KEY_UIApplicationSupportsIndirectInputEvents = YES;
				INFOPLIST_KEY_UILaunchStoryboardName = LaunchScreen;
				INFOPLIST_KEY_UIMainStoryboardFile = Main;
				INFOPLIST_KEY_UISupportedInterfaceOrientations_iPad = "UIInterfaceOrientationPortrait UIInterfaceOrientationPortraitUpsideDown UIInterfaceOrientationLandscapeLeft UIInterfaceOrientationLandscapeRight";
				INFOPLIST_KEY_UISupportedInterfaceOrientations_iPhone = "UIInterfaceOrientationPortrait UIInterfaceOrientationLandscapeLeft UIInterfaceOrientationLandscapeRight";
				LD_RUNPATH_SEARCH_PATHS = (
					"$(inherited)",
					"@executable_path/Frameworks",
				);
				MARKETING_VERSION = 1.0;
				PRODUCT_BUNDLE_IDENTIFIER = Kaan.test;
				PRODUCT_NAME = "$(TARGET_NAME)";
				SWIFT_EMIT_LOC_STRINGS = YES;
				SWIFT_VERSION = 5.0;
				TARGETED_DEVICE_FAMILY = "1,2";
			};
			name = Debug;
		};
		8C5504372D4772E00082D644 /* Release */ = {
			isa = XCBuildConfiguration;
			buildSettings = {
				ASSETCATALOG_COMPILER_APPICON_NAME = AppIcon;
				ASSETCATALOG_COMPILER_GLOBAL_ACCENT_COLOR_NAME = AccentColor;
				CODE_SIGN_STYLE = Automatic;
				CURRENT_PROJECT_VERSION = 1;
				GENERATE_INFOPLIST_FILE = YES;
				INFOPLIST_FILE = test/Info.plist;
				INFOPLIST_KEY_UIApplicationSupportsIndirectInputEvents = YES;
				INFOPLIST_KEY_UILaunchStoryboardName = LaunchScreen;
				INFOPLIST_KEY_UIMainStoryboardFile = Main;
				INFOPLIST_KEY_UISupportedInterfaceOrientations_iPad = "UIInterfaceOrientationPortrait UIInterfaceOrientationPortraitUpsideDown UIInterfaceOrientationLandscapeLeft UIInterfaceOrientationLandscapeRight";
				INFOPLIST_KEY_UISupportedInterfaceOrientations_iPhone = "UIInterfaceOrientationPortrait UIInterfaceOrientationLandscapeLeft UIInterfaceOrientationLandscapeRight";
				LD_RUNPATH_SEARCH_PATHS = (
					"$(inherited)",
					"@executable_path/Frameworks",
				);
				MARKETING_VERSION = 1.0;
				PRODUCT_BUNDLE_IDENTIFIER = Kaan.test;
				PRODUCT_NAME = "$(TARGET_NAME)";
				SWIFT_EMIT_LOC_STRINGS = YES;
				SWIFT_VERSION = 5.0;
				TARGETED_DEVICE_FAMILY = "1,2";
			};
			name = Release;
		};
		8C5504392D4772E00082D644 /* Debug */ = {
			isa = XCBuildConfiguration;
			buildSettings = {
				ALWAYS_EMBED_SWIFT_STANDARD_LIBRARIES = YES;
				BUNDLE_LOADER = "$(TEST_HOST)";
				CODE_SIGN_STYLE = Automatic;
				CURRENT_PROJECT_VERSION = 1;
				GENERATE_INFOPLIST_FILE = YES;
				IPHONEOS_DEPLOYMENT_TARGET = 15.0;
				LD_RUNPATH_SEARCH_PATHS = (
					"$(inherited)",
					"@executable_path/Frameworks",
					"@loader_path/Frameworks",
				);
				MARKETING_VERSION = 1.0;
				PRODUCT_BUNDLE_IDENTIFIER = Kaan.testTests;
				PRODUCT_NAME = "$(TARGET_NAME)";
				SWIFT_EMIT_LOC_STRINGS = NO;
				SWIFT_VERSION = 5.0;
				TARGETED_DEVICE_FAMILY = "1,2";
				TEST_HOST = "$(BUILT_PRODUCTS_DIR)/test.app/test";
			};
			name = Debug;
		};
		8C55043A2D4772E00082D644 /* Release */ = {
			isa = XCBuildConfiguration;
			buildSettings = {
				ALWAYS_EMBED_SWIFT_STANDARD_LIBRARIES = YES;
				BUNDLE_LOADER = "$(TEST_HOST)";
				CODE_SIGN_STYLE = Automatic;
				CURRENT_PROJECT_VERSION = 1;
				GENERATE_INFOPLIST_FILE = YES;
				IPHONEOS_DEPLOYMENT_TARGET = 15.0;
				LD_RUNPATH_SEARCH_PATHS = (
					"$(inherited)",
					"@executable_path/Frameworks",
					"@loader_path/Frameworks",
				);
				MARKETING_VERSION = 1.0;
				PRODUCT_BUNDLE_IDENTIFIER = Kaan.testTests;
				PRODUCT_NAME = "$(TARGET_NAME)";
				SWIFT_EMIT_LOC_STRINGS = NO;
				SWIFT_VERSION = 5.0;
				TARGETED_DEVICE_FAMILY = "1,2";
				TEST_HOST = "$(BUILT_PRODUCTS_DIR)/test.app/test";
			};
			name = Release;
		};
		8C55043C2D4772E00082D644 /* Debug */ = {
			isa = XCBuildConfiguration;
			buildSettings = {
				ALWAYS_EMBED_SWIFT_STANDARD_LIBRARIES = YES;
				CODE_SIGN_STYLE = Automatic;
				CURRENT_PROJECT_VERSION = 1;
				GENERATE_INFOPLIST_FILE = YES;
				LD_RUNPATH_SEARCH_PATHS = (
					"$(inherited)",
					"@executable_path/Frameworks",
					"@loader_path/Frameworks",
				);
				MARKETING_VERSION = 1.0;
				PRODUCT_BUNDLE_IDENTIFIER = Kaan.testUITests;
				PRODUCT_NAME = "$(TARGET_NAME)";
				SWIFT_EMIT_LOC_STRINGS = NO;
				SWIFT_VERSION = 5.0;
				TARGETED_DEVICE_FAMILY = "1,2";
				TEST_TARGET_NAME = test;
			};
			name = Debug;
		};
		8C55043D2D4772E00082D644 /* Release */ = {
			isa = XCBuildConfiguration;
			buildSettings = {
				ALWAYS_EMBED_SWIFT_STANDARD_LIBRARIES = YES;
				CODE_SIGN_STYLE = Automatic;
				CURRENT_PROJECT_VERSION = 1;
				GENERATE_INFOPLIST_FILE = YES;
				LD_RUNPATH_SEARCH_PATHS = (
					"$(inherited)",
					"@executable_path/Frameworks",
					"@loader_path/Frameworks",
				);
				MARKETING_VERSION = 1.0;
				PRODUCT_BUNDLE_IDENTIFIER = Kaan.testUITests;
				PRODUCT_NAME = "$(TARGET_NAME)";
				SWIFT_EMIT_LOC_STRINGS = NO;
				SWIFT_VERSION = 5.0;
				TARGETED_DEVICE_FAMILY = "1,2";
				TEST_TARGET_NAME = test;
			};
			name = Release;
		};
/* End XCBuildConfiguration section */

/* Begin XCConfigurationList section */
		8C5504062D4772DD0082D644 /* Build configuration list for PBXProject "test" */ = {
			isa = XCConfigurationList;
			buildConfigurations = (
				8C5504332D4772E00082D644 /* Debug */,
				8C5504342D4772E00082D644 /* Release */,
			);
			defaultConfigurationIsVisible = 0;
			defaultConfigurationName = Release;
		};
		8C5504352D4772E00082D644 /* Build configuration list for PBXNativeTarget "test" */ = {
			isa = XCConfigurationList;
			buildConfigurations = (
				8C5504362D4772E00082D644 /* Debug */,
				8C5504372D4772E00082D644 /* Release */,
			);
			defaultConfigurationIsVisible = 0;
			defaultConfigurationName = Release;
		};
		8C5504382D4772E00082D644 /* Build configuration list for PBXNativeTarget "testTests" */ = {
			isa = XCConfigurationList;
			buildConfigurations = (
				8C5504392D4772E00082D644 /* Debug */,
				8C55043A2D4772E00082D644 /* Release */,
			);
			defaultConfigurationIsVisible = 0;
			defaultConfigurationName = Release;
		};
		8C55043B2D4772E00082D644 /* Build configuration list for PBXNativeTarget "testUITests" */ = {
			isa = XCConfigurationList;
			buildConfigurations = (
				8C55043C2D4772E00082D644 /* Debug */,
				8C55043D2D4772E00082D644 /* Release */,
			);
			defaultConfigurationIsVisible = 0;
			defaultConfigurationName = Release;
		};
/* End XCConfigurationList section */
	};
	rootObject = 8C5504032D4772DD0082D644 /* Project object */;
}
